
Microsoft Visual Studio Solution File, Format Version 12.00
# Visual Studio Version 17
VisualStudioVersion = 17.6.33723.286
MinimumVisualStudioVersion = 10.0.40219.1
Project("{FAE04EC0-301F-11D3-BF4B-00C04F79EFBC}") = "Day 11 MOVIE DATABASE Lab", "Day 11 MOVIE DATABASE Lab\Day 11 MOVIE DATABASE Lab.csproj", "{2D636DEB-C915-47A0-8491-1150E2851E38}"
EndProject
Global
	GlobalSection(SolutionConfigurationPlatforms) = preSolution
		Debug|Any CPU = Debug|Any CPU
		Release|Any CPU = Release|Any CPU
	EndGlobalSection
	GlobalSection(ProjectConfigurationPlatforms) = postSolution
		{2D636DEB-C915-47A0-8491-1150E2851E38}.Debug|Any CPU.ActiveCfg = Debug|Any CPU
		{2D636DEB-C915-47A0-8491-1150E2851E38}.Debug|Any CPU.Build.0 = Debug|Any CPU
		{2D636DEB-C915-47A0-8491-1150E2851E38}.Release|Any CPU.ActiveCfg = Release|Any CPU
		{2D636DEB-C915-47A0-8491-1150E2851E38}.Release|Any CPU.Build.0 = Release|Any CPU
	EndGlobalSection
	GlobalSection(SolutionProperties) = preSolution
		HideSolutionNode = FALSE
	EndGlobalSection
	GlobalSection(ExtensibilityGlobals) = postSolution
		SolutionGuid = {7A9F80C0-8326-46E6-9607-0B227ABE73B1}
	EndGlobalSection
EndGlobal
